// !$*UTF8*$!
{
	archiveVersion = 1;
	classes = {
	};
	objectVersion = 51;
	objects = {

/* Begin PBXBuildFile section */
		07803649A158A468DA7D2DFA /* Pods_Planner.framework in Frameworks */ = {isa = PBXBuildFile; fileRef = 67B77B5EEB5E70542B767D72 /* Pods_Planner.framework */; };
		2C77E8F144CE8F8F0A47C513 /* Pods_PlannerTests.framework in Frameworks */ = {isa = PBXBuildFile; fileRef = 2C1FF72B43E26EFA8E57187D /* Pods_PlannerTests.framework */; };
		620ABAF6249726B500730D80 /* AssignmentTableViewCell.swift in Sources */ = {isa = PBXBuildFile; fileRef = 620ABAF4249726B500730D80 /* AssignmentTableViewCell.swift */; };
		620ABAF7249726B500730D80 /* AssignmentTableViewCell.xib in Resources */ = {isa = PBXBuildFile; fileRef = 620ABAF5249726B500730D80 /* AssignmentTableViewCell.xib */; };
		623079B2249EB3C5006BD643 /* SignInViewController.swift in Sources */ = {isa = PBXBuildFile; fileRef = 623079B1249EB3C5006BD643 /* SignInViewController.swift */; };
		623295C024BC740700373465 /* iOSDropDown.swift in Sources */ = {isa = PBXBuildFile; fileRef = 623295BF24BC740700373465 /* iOSDropDown.swift */; };
		6235D9D72494B32400D81324 /* Extensions.swift in Sources */ = {isa = PBXBuildFile; fileRef = 6235D9D62494B32400D81324 /* Extensions.swift */; };
		624BABFD24908E790050EA6F /* AppDelegate.swift in Sources */ = {isa = PBXBuildFile; fileRef = 624BABFC24908E790050EA6F /* AppDelegate.swift */; };
		624BABFF24908E790050EA6F /* SceneDelegate.swift in Sources */ = {isa = PBXBuildFile; fileRef = 624BABFE24908E790050EA6F /* SceneDelegate.swift */; };
		624BAC0124908E790050EA6F /* ViewController.swift in Sources */ = {isa = PBXBuildFile; fileRef = 624BAC0024908E790050EA6F /* ViewController.swift */; };
		624BAC0424908E790050EA6F /* Main.storyboard in Resources */ = {isa = PBXBuildFile; fileRef = 624BAC0224908E790050EA6F /* Main.storyboard */; };
		624BAC0624908E7B0050EA6F /* Assets.xcassets in Resources */ = {isa = PBXBuildFile; fileRef = 624BAC0524908E7B0050EA6F /* Assets.xcassets */; };
		624BAC0924908E7C0050EA6F /* LaunchScreen.storyboard in Resources */ = {isa = PBXBuildFile; fileRef = 624BAC0724908E7B0050EA6F /* LaunchScreen.storyboard */; };
		624BAC1424908E7C0050EA6F /* PlannerTests.swift in Sources */ = {isa = PBXBuildFile; fileRef = 624BAC1324908E7C0050EA6F /* PlannerTests.swift */; };
		624BAC1F24908E7C0050EA6F /* PlannerUITests.swift in Sources */ = {isa = PBXBuildFile; fileRef = 624BAC1E24908E7C0050EA6F /* PlannerUITests.swift */; };
		62751CCE24CA381F006591D4 /* GoogleService-Info.plist in Resources */ = {isa = PBXBuildFile; fileRef = 62751CCD24CA381E006591D4 /* GoogleService-Info.plist */; };
		627FB368249EC77D007E0E4C /* app_logo.png in Resources */ = {isa = PBXBuildFile; fileRef = 627FB367249EC77D007E0E4C /* app_logo.png */; };
		628E260424CA47F100057071 /* FUIAuthCustomPickerViewController.swift in Sources */ = {isa = PBXBuildFile; fileRef = 628E260224CA47F100057071 /* FUIAuthCustomPickerViewController.swift */; };
		62A3A52224BB9D6700B375D6 /* ManualEntryViewController.swift in Sources */ = {isa = PBXBuildFile; fileRef = 62A3A52024BB9D6700B375D6 /* ManualEntryViewController.swift */; };
		62A3A52324BB9D6700B375D6 /* ManualEntryViewController.xib in Resources */ = {isa = PBXBuildFile; fileRef = 62A3A52124BB9D6700B375D6 /* ManualEntryViewController.xib */; };
		62D1886624B2F80900675E94 /* top_pattern.png in Resources */ = {isa = PBXBuildFile; fileRef = 62D1886424B2F80900675E94 /* top_pattern.png */; };
		62D1886724B2F80900675E94 /* bottom_pattern.png in Resources */ = {isa = PBXBuildFile; fileRef = 62D1886524B2F80900675E94 /* bottom_pattern.png */; };
		62D84CE9249985D50011BD6F /* CalendarTableViewCell.swift in Sources */ = {isa = PBXBuildFile; fileRef = 62D84CE7249985D50011BD6F /* CalendarTableViewCell.swift */; };
		62D84CEA249985D50011BD6F /* CalendarTableViewCell.xib in Resources */ = {isa = PBXBuildFile; fileRef = 62D84CE8249985D50011BD6F /* CalendarTableViewCell.xib */; };
		E0602791331351E05F2A2BA5 /* Pods_Planner_PlannerUITests.framework in Frameworks */ = {isa = PBXBuildFile; fileRef = 3D34907A22D4322E0AC896D6 /* Pods_Planner_PlannerUITests.framework */; };
/* End PBXBuildFile section */

/* Begin PBXContainerItemProxy section */
		624BAC1024908E7C0050EA6F /* PBXContainerItemProxy */ = {
			isa = PBXContainerItemProxy;
			containerPortal = 624BABF124908E790050EA6F /* Project object */;
			proxyType = 1;
			remoteGlobalIDString = 624BABF824908E790050EA6F;
			remoteInfo = Planner;
		};
		624BAC1B24908E7C0050EA6F /* PBXContainerItemProxy */ = {
			isa = PBXContainerItemProxy;
			containerPortal = 624BABF124908E790050EA6F /* Project object */;
			proxyType = 1;
			remoteGlobalIDString = 624BABF824908E790050EA6F;
			remoteInfo = Planner;
		};
/* End PBXContainerItemProxy section */

/* Begin PBXFileReference section */
		2950B3B3B06E8EA0B26CE3A9 /* Pods-Planner-PlannerUITests.release.xcconfig */ = {isa = PBXFileReference; includeInIndex = 1; lastKnownFileType = text.xcconfig; name = "Pods-Planner-PlannerUITests.release.xcconfig"; path = "Target Support Files/Pods-Planner-PlannerUITests/Pods-Planner-PlannerUITests.release.xcconfig"; sourceTree = "<group>"; };
		2C1FF72B43E26EFA8E57187D /* Pods_PlannerTests.framework */ = {isa = PBXFileReference; explicitFileType = wrapper.framework; includeInIndex = 0; path = Pods_PlannerTests.framework; sourceTree = BUILT_PRODUCTS_DIR; };
		3D34907A22D4322E0AC896D6 /* Pods_Planner_PlannerUITests.framework */ = {isa = PBXFileReference; explicitFileType = wrapper.framework; includeInIndex = 0; path = Pods_Planner_PlannerUITests.framework; sourceTree = BUILT_PRODUCTS_DIR; };
		55876FC994EED796FCC51024 /* Pods-Planner-PlannerUITests.debug.xcconfig */ = {isa = PBXFileReference; includeInIndex = 1; lastKnownFileType = text.xcconfig; name = "Pods-Planner-PlannerUITests.debug.xcconfig"; path = "Target Support Files/Pods-Planner-PlannerUITests/Pods-Planner-PlannerUITests.debug.xcconfig"; sourceTree = "<group>"; };
		620ABAF4249726B500730D80 /* AssignmentTableViewCell.swift */ = {isa = PBXFileReference; lastKnownFileType = sourcecode.swift; path = AssignmentTableViewCell.swift; sourceTree = "<group>"; };
		620ABAF5249726B500730D80 /* AssignmentTableViewCell.xib */ = {isa = PBXFileReference; lastKnownFileType = file.xib; path = AssignmentTableViewCell.xib; sourceTree = "<group>"; };
		623079B1249EB3C5006BD643 /* SignInViewController.swift */ = {isa = PBXFileReference; lastKnownFileType = sourcecode.swift; path = SignInViewController.swift; sourceTree = "<group>"; };
		623295BF24BC740700373465 /* iOSDropDown.swift */ = {isa = PBXFileReference; fileEncoding = 4; lastKnownFileType = sourcecode.swift; path = iOSDropDown.swift; sourceTree = "<group>"; };
		6235D9D62494B32400D81324 /* Extensions.swift */ = {isa = PBXFileReference; lastKnownFileType = sourcecode.swift; path = Extensions.swift; sourceTree = "<group>"; };
		624BABF924908E790050EA6F /* Planner.app */ = {isa = PBXFileReference; explicitFileType = wrapper.application; includeInIndex = 0; path = Planner.app; sourceTree = BUILT_PRODUCTS_DIR; };
		624BABFC24908E790050EA6F /* AppDelegate.swift */ = {isa = PBXFileReference; lastKnownFileType = sourcecode.swift; path = AppDelegate.swift; sourceTree = "<group>"; };
		624BABFE24908E790050EA6F /* SceneDelegate.swift */ = {isa = PBXFileReference; lastKnownFileType = sourcecode.swift; path = SceneDelegate.swift; sourceTree = "<group>"; };
		624BAC0024908E790050EA6F /* ViewController.swift */ = {isa = PBXFileReference; lastKnownFileType = sourcecode.swift; path = ViewController.swift; sourceTree = "<group>"; };
		624BAC0324908E790050EA6F /* Base */ = {isa = PBXFileReference; lastKnownFileType = file.storyboard; name = Base; path = Base.lproj/Main.storyboard; sourceTree = "<group>"; };
		624BAC0524908E7B0050EA6F /* Assets.xcassets */ = {isa = PBXFileReference; lastKnownFileType = folder.assetcatalog; path = Assets.xcassets; sourceTree = "<group>"; };
		624BAC0824908E7C0050EA6F /* Base */ = {isa = PBXFileReference; lastKnownFileType = file.storyboard; name = Base; path = Base.lproj/LaunchScreen.storyboard; sourceTree = "<group>"; };
		624BAC0A24908E7C0050EA6F /* Info.plist */ = {isa = PBXFileReference; lastKnownFileType = text.plist.xml; path = Info.plist; sourceTree = "<group>"; };
		624BAC0F24908E7C0050EA6F /* PlannerTests.xctest */ = {isa = PBXFileReference; explicitFileType = wrapper.cfbundle; includeInIndex = 0; path = PlannerTests.xctest; sourceTree = BUILT_PRODUCTS_DIR; };
		624BAC1324908E7C0050EA6F /* PlannerTests.swift */ = {isa = PBXFileReference; lastKnownFileType = sourcecode.swift; path = PlannerTests.swift; sourceTree = "<group>"; };
		624BAC1524908E7C0050EA6F /* Info.plist */ = {isa = PBXFileReference; lastKnownFileType = text.plist.xml; path = Info.plist; sourceTree = "<group>"; };
		624BAC1A24908E7C0050EA6F /* PlannerUITests.xctest */ = {isa = PBXFileReference; explicitFileType = wrapper.cfbundle; includeInIndex = 0; path = PlannerUITests.xctest; sourceTree = BUILT_PRODUCTS_DIR; };
		624BAC1E24908E7C0050EA6F /* PlannerUITests.swift */ = {isa = PBXFileReference; lastKnownFileType = sourcecode.swift; path = PlannerUITests.swift; sourceTree = "<group>"; };
		624BAC2024908E7C0050EA6F /* Info.plist */ = {isa = PBXFileReference; lastKnownFileType = text.plist.xml; path = Info.plist; sourceTree = "<group>"; };
		625414A02490A45C00AA7908 /* Planner-Bridging-Header.h */ = {isa = PBXFileReference; fileEncoding = 4; lastKnownFileType = sourcecode.c.h; path = "Planner-Bridging-Header.h"; sourceTree = "<group>"; };
		62751CCD24CA381E006591D4 /* GoogleService-Info.plist */ = {isa = PBXFileReference; fileEncoding = 4; lastKnownFileType = text.plist.xml; path = "GoogleService-Info.plist"; sourceTree = "<group>"; };
		627FB367249EC77D007E0E4C /* app_logo.png */ = {isa = PBXFileReference; lastKnownFileType = image.png; path = app_logo.png; sourceTree = "<group>"; };
		628E260224CA47F100057071 /* FUIAuthCustomPickerViewController.swift */ = {isa = PBXFileReference; lastKnownFileType = sourcecode.swift; path = FUIAuthCustomPickerViewController.swift; sourceTree = "<group>"; };
		62A3A52024BB9D6700B375D6 /* ManualEntryViewController.swift */ = {isa = PBXFileReference; lastKnownFileType = sourcecode.swift; path = ManualEntryViewController.swift; sourceTree = "<group>"; };
		62A3A52124BB9D6700B375D6 /* ManualEntryViewController.xib */ = {isa = PBXFileReference; lastKnownFileType = file.xib; path = ManualEntryViewController.xib; sourceTree = "<group>"; };
		62D1886424B2F80900675E94 /* top_pattern.png */ = {isa = PBXFileReference; lastKnownFileType = image.png; path = top_pattern.png; sourceTree = "<group>"; };
		62D1886524B2F80900675E94 /* bottom_pattern.png */ = {isa = PBXFileReference; lastKnownFileType = image.png; path = bottom_pattern.png; sourceTree = "<group>"; };
		62D84CE7249985D50011BD6F /* CalendarTableViewCell.swift */ = {isa = PBXFileReference; lastKnownFileType = sourcecode.swift; path = CalendarTableViewCell.swift; sourceTree = "<group>"; };
		62D84CE8249985D50011BD6F /* CalendarTableViewCell.xib */ = {isa = PBXFileReference; lastKnownFileType = file.xib; path = CalendarTableViewCell.xib; sourceTree = "<group>"; };
		62EF22A424AC24CD00513F63 /* Planner.entitlements */ = {isa = PBXFileReference; lastKnownFileType = text.plist.entitlements; path = Planner.entitlements; sourceTree = "<group>"; };
		632B8D664A9206503C8834DA /* Pods-PlannerTests.release.xcconfig */ = {isa = PBXFileReference; includeInIndex = 1; lastKnownFileType = text.xcconfig; name = "Pods-PlannerTests.release.xcconfig"; path = "Target Support Files/Pods-PlannerTests/Pods-PlannerTests.release.xcconfig"; sourceTree = "<group>"; };
		67B77B5EEB5E70542B767D72 /* Pods_Planner.framework */ = {isa = PBXFileReference; explicitFileType = wrapper.framework; includeInIndex = 0; path = Pods_Planner.framework; sourceTree = BUILT_PRODUCTS_DIR; };
		B7CC4F2584060ECF9180E505 /* Pods-Planner.release.xcconfig */ = {isa = PBXFileReference; includeInIndex = 1; lastKnownFileType = text.xcconfig; name = "Pods-Planner.release.xcconfig"; path = "Target Support Files/Pods-Planner/Pods-Planner.release.xcconfig"; sourceTree = "<group>"; };
		BB0B754AE293445E03D54F5A /* Pods-Planner.debug.xcconfig */ = {isa = PBXFileReference; includeInIndex = 1; lastKnownFileType = text.xcconfig; name = "Pods-Planner.debug.xcconfig"; path = "Target Support Files/Pods-Planner/Pods-Planner.debug.xcconfig"; sourceTree = "<group>"; };
		E659B549A9BCCBF9E3CC19F1 /* Pods-PlannerTests.debug.xcconfig */ = {isa = PBXFileReference; includeInIndex = 1; lastKnownFileType = text.xcconfig; name = "Pods-PlannerTests.debug.xcconfig"; path = "Target Support Files/Pods-PlannerTests/Pods-PlannerTests.debug.xcconfig"; sourceTree = "<group>"; };
/* End PBXFileReference section */

/* Begin PBXFrameworksBuildPhase section */
		624BABF624908E790050EA6F /* Frameworks */ = {
			isa = PBXFrameworksBuildPhase;
			buildActionMask = 2147483647;
			files = (
				07803649A158A468DA7D2DFA /* Pods_Planner.framework in Frameworks */,
			);
			runOnlyForDeploymentPostprocessing = 0;
		};
		624BAC0C24908E7C0050EA6F /* Frameworks */ = {
			isa = PBXFrameworksBuildPhase;
			buildActionMask = 2147483647;
			files = (
				2C77E8F144CE8F8F0A47C513 /* Pods_PlannerTests.framework in Frameworks */,
			);
			runOnlyForDeploymentPostprocessing = 0;
		};
		624BAC1724908E7C0050EA6F /* Frameworks */ = {
			isa = PBXFrameworksBuildPhase;
			buildActionMask = 2147483647;
			files = (
				E0602791331351E05F2A2BA5 /* Pods_Planner_PlannerUITests.framework in Frameworks */,
			);
			runOnlyForDeploymentPostprocessing = 0;
		};
/* End PBXFrameworksBuildPhase section */

/* Begin PBXGroup section */
		624BABF024908E790050EA6F = {
			isa = PBXGroup;
			children = (
				624BABFB24908E790050EA6F /* Planner */,
				625414A02490A45C00AA7908 /* Planner-Bridging-Header.h */,
				624BAC1224908E7C0050EA6F /* PlannerTests */,
				624BAC1D24908E7C0050EA6F /* PlannerUITests */,
				624BABFA24908E790050EA6F /* Products */,
				791331A652ED18752A68B2EB /* Pods */,
				66E5BA507A0EE0740BBF3B4F /* Frameworks */,
			);
			sourceTree = "<group>";
		};
		624BABFA24908E790050EA6F /* Products */ = {
			isa = PBXGroup;
			children = (
				624BABF924908E790050EA6F /* Planner.app */,
				624BAC0F24908E7C0050EA6F /* PlannerTests.xctest */,
				624BAC1A24908E7C0050EA6F /* PlannerUITests.xctest */,
			);
			name = Products;
			sourceTree = "<group>";
		};
		624BABFB24908E790050EA6F /* Planner */ = {
			isa = PBXGroup;
			children = (
				62EF22A424AC24CD00513F63 /* Planner.entitlements */,
				624BABFC24908E790050EA6F /* AppDelegate.swift */,
				623079B1249EB3C5006BD643 /* SignInViewController.swift */,
				628E260224CA47F100057071 /* FUIAuthCustomPickerViewController.swift */,
				624BABFE24908E790050EA6F /* SceneDelegate.swift */,
				624BAC0024908E790050EA6F /* ViewController.swift */,
				6235D9D62494B32400D81324 /* Extensions.swift */,
				624BAC0224908E790050EA6F /* Main.storyboard */,
				62D84CE7249985D50011BD6F /* CalendarTableViewCell.swift */,
				62D84CE8249985D50011BD6F /* CalendarTableViewCell.xib */,
				62A3A52024BB9D6700B375D6 /* ManualEntryViewController.swift */,
				62A3A52124BB9D6700B375D6 /* ManualEntryViewController.xib */,
				620ABAF4249726B500730D80 /* AssignmentTableViewCell.swift */,
				620ABAF5249726B500730D80 /* AssignmentTableViewCell.xib */,
				623295BF24BC740700373465 /* iOSDropDown.swift */,
				624BAC0524908E7B0050EA6F /* Assets.xcassets */,
				624BAC0724908E7B0050EA6F /* LaunchScreen.storyboard */,
				624BAC0A24908E7C0050EA6F /* Info.plist */,
				627FB367249EC77D007E0E4C /* app_logo.png */,
				62D1886524B2F80900675E94 /* bottom_pattern.png */,
				62D1886424B2F80900675E94 /* top_pattern.png */,
				62751CCD24CA381E006591D4 /* GoogleService-Info.plist */,
			);
			path = Planner;
			sourceTree = "<group>";
		};
		624BAC1224908E7C0050EA6F /* PlannerTests */ = {
			isa = PBXGroup;
			children = (
				624BAC1324908E7C0050EA6F /* PlannerTests.swift */,
				624BAC1524908E7C0050EA6F /* Info.plist */,
			);
			path = PlannerTests;
			sourceTree = "<group>";
		};
		624BAC1D24908E7C0050EA6F /* PlannerUITests */ = {
			isa = PBXGroup;
			children = (
				624BAC1E24908E7C0050EA6F /* PlannerUITests.swift */,
				624BAC2024908E7C0050EA6F /* Info.plist */,
			);
			path = PlannerUITests;
			sourceTree = "<group>";
		};
		66E5BA507A0EE0740BBF3B4F /* Frameworks */ = {
			isa = PBXGroup;
			children = (
				67B77B5EEB5E70542B767D72 /* Pods_Planner.framework */,
				3D34907A22D4322E0AC896D6 /* Pods_Planner_PlannerUITests.framework */,
				2C1FF72B43E26EFA8E57187D /* Pods_PlannerTests.framework */,
			);
			name = Frameworks;
			sourceTree = "<group>";
		};
		791331A652ED18752A68B2EB /* Pods */ = {
			isa = PBXGroup;
			children = (
				BB0B754AE293445E03D54F5A /* Pods-Planner.debug.xcconfig */,
				B7CC4F2584060ECF9180E505 /* Pods-Planner.release.xcconfig */,
				55876FC994EED796FCC51024 /* Pods-Planner-PlannerUITests.debug.xcconfig */,
				2950B3B3B06E8EA0B26CE3A9 /* Pods-Planner-PlannerUITests.release.xcconfig */,
				E659B549A9BCCBF9E3CC19F1 /* Pods-PlannerTests.debug.xcconfig */,
				632B8D664A9206503C8834DA /* Pods-PlannerTests.release.xcconfig */,
			);
			path = Pods;
			sourceTree = "<group>";
		};
/* End PBXGroup section */

/* Begin PBXNativeTarget section */
		624BABF824908E790050EA6F /* Planner */ = {
			isa = PBXNativeTarget;
			buildConfigurationList = 624BAC2324908E7C0050EA6F /* Build configuration list for PBXNativeTarget "Planner" */;
			buildPhases = (
				9DA7B24D0751561C4D6A67E6 /* [CP] Check Pods Manifest.lock */,
				624BABF524908E790050EA6F /* Sources */,
				624BABF624908E790050EA6F /* Frameworks */,
				624BABF724908E790050EA6F /* Resources */,
				4E8645321AE8B0F1640BEC22 /* [CP] Copy Pods Resources */,
				0E6ECB0C1CAAD0CB3537154F /* [CP] Embed Pods Frameworks */,
			);
			buildRules = (
			);
			dependencies = (
			);
			name = Planner;
			productName = Planner;
			productReference = 624BABF924908E790050EA6F /* Planner.app */;
			productType = "com.apple.product-type.application";
		};
		624BAC0E24908E7C0050EA6F /* PlannerTests */ = {
			isa = PBXNativeTarget;
			buildConfigurationList = 624BAC2624908E7C0050EA6F /* Build configuration list for PBXNativeTarget "PlannerTests" */;
			buildPhases = (
				A28598CBBF0393BF8C515A57 /* [CP] Check Pods Manifest.lock */,
				624BAC0B24908E7C0050EA6F /* Sources */,
				624BAC0C24908E7C0050EA6F /* Frameworks */,
				624BAC0D24908E7C0050EA6F /* Resources */,
			);
			buildRules = (
			);
			dependencies = (
				624BAC1124908E7C0050EA6F /* PBXTargetDependency */,
			);
			name = PlannerTests;
			productName = PlannerTests;
			productReference = 624BAC0F24908E7C0050EA6F /* PlannerTests.xctest */;
			productType = "com.apple.product-type.bundle.unit-test";
		};
		624BAC1924908E7C0050EA6F /* PlannerUITests */ = {
			isa = PBXNativeTarget;
			buildConfigurationList = 624BAC2924908E7C0050EA6F /* Build configuration list for PBXNativeTarget "PlannerUITests" */;
			buildPhases = (
				1399312B0C100DFC3B2CFAD5 /* [CP] Check Pods Manifest.lock */,
				624BAC1624908E7C0050EA6F /* Sources */,
				624BAC1724908E7C0050EA6F /* Frameworks */,
				624BAC1824908E7C0050EA6F /* Resources */,
				E05D7F93F12D5E04ED280BB5 /* [CP] Copy Pods Resources */,
				3DAF64D8AEDACD5E7F80576A /* [CP] Embed Pods Frameworks */,
			);
			buildRules = (
			);
			dependencies = (
				624BAC1C24908E7C0050EA6F /* PBXTargetDependency */,
			);
			name = PlannerUITests;
			productName = PlannerUITests;
			productReference = 624BAC1A24908E7C0050EA6F /* PlannerUITests.xctest */;
			productType = "com.apple.product-type.bundle.ui-testing";
		};
/* End PBXNativeTarget section */

/* Begin PBXProject section */
		624BABF124908E790050EA6F /* Project object */ = {
			isa = PBXProject;
			attributes = {
				LastSwiftUpdateCheck = 1150;
				LastUpgradeCheck = 1200;
				ORGANIZATIONNAME = "Harrison Resnick";
				TargetAttributes = {
					624BABF824908E790050EA6F = {
						CreatedOnToolsVersion = 11.5;
						LastSwiftMigration = 1150;
					};
					624BAC0E24908E7C0050EA6F = {
						CreatedOnToolsVersion = 11.5;
						TestTargetID = 624BABF824908E790050EA6F;
					};
					624BAC1924908E7C0050EA6F = {
						CreatedOnToolsVersion = 11.5;
						TestTargetID = 624BABF824908E790050EA6F;
					};
				};
			};
			buildConfigurationList = 624BABF424908E790050EA6F /* Build configuration list for PBXProject "Planner" */;
			compatibilityVersion = "Xcode 9.3";
			developmentRegion = en;
			hasScannedForEncodings = 0;
			knownRegions = (
				en,
				Base,
			);
			mainGroup = 624BABF024908E790050EA6F;
			productRefGroup = 624BABFA24908E790050EA6F /* Products */;
			projectDirPath = "";
			projectRoot = "";
			targets = (
				624BABF824908E790050EA6F /* Planner */,
				624BAC0E24908E7C0050EA6F /* PlannerTests */,
				624BAC1924908E7C0050EA6F /* PlannerUITests */,
			);
		};
/* End PBXProject section */

/* Begin PBXResourcesBuildPhase section */
		624BABF724908E790050EA6F /* Resources */ = {
			isa = PBXResourcesBuildPhase;
			buildActionMask = 2147483647;
			files = (
				627FB368249EC77D007E0E4C /* app_logo.png in Resources */,
				62A3A52324BB9D6700B375D6 /* ManualEntryViewController.xib in Resources */,
				620ABAF7249726B500730D80 /* AssignmentTableViewCell.xib in Resources */,
				62D1886624B2F80900675E94 /* top_pattern.png in Resources */,
				624BAC0924908E7C0050EA6F /* LaunchScreen.storyboard in Resources */,
				62D84CEA249985D50011BD6F /* CalendarTableViewCell.xib in Resources */,
				624BAC0624908E7B0050EA6F /* Assets.xcassets in Resources */,
				62751CCE24CA381F006591D4 /* GoogleService-Info.plist in Resources */,
				624BAC0424908E790050EA6F /* Main.storyboard in Resources */,
				62D1886724B2F80900675E94 /* bottom_pattern.png in Resources */,
			);
			runOnlyForDeploymentPostprocessing = 0;
		};
		624BAC0D24908E7C0050EA6F /* Resources */ = {
			isa = PBXResourcesBuildPhase;
			buildActionMask = 2147483647;
			files = (
			);
			runOnlyForDeploymentPostprocessing = 0;
		};
		624BAC1824908E7C0050EA6F /* Resources */ = {
			isa = PBXResourcesBuildPhase;
			buildActionMask = 2147483647;
			files = (
			);
			runOnlyForDeploymentPostprocessing = 0;
		};
/* End PBXResourcesBuildPhase section */

/* Begin PBXShellScriptBuildPhase section */
		0E6ECB0C1CAAD0CB3537154F /* [CP] Embed Pods Frameworks */ = {
			isa = PBXShellScriptBuildPhase;
			buildActionMask = 2147483647;
			files = (
			);
			inputFileListPaths = (
				"${PODS_ROOT}/Target Support Files/Pods-Planner/Pods-Planner-frameworks-${CONFIGURATION}-input-files.xcfilelist",
			);
			name = "[CP] Embed Pods Frameworks";
			outputFileListPaths = (
				"${PODS_ROOT}/Target Support Files/Pods-Planner/Pods-Planner-frameworks-${CONFIGURATION}-output-files.xcfilelist",
			);
			runOnlyForDeploymentPostprocessing = 0;
			shellPath = /bin/sh;
			shellScript = "\"${PODS_ROOT}/Target Support Files/Pods-Planner/Pods-Planner-frameworks.sh\"\n";
			showEnvVarsInLog = 0;
		};
		1399312B0C100DFC3B2CFAD5 /* [CP] Check Pods Manifest.lock */ = {
			isa = PBXShellScriptBuildPhase;
			buildActionMask = 2147483647;
			files = (
			);
			inputFileListPaths = (
			);
			inputPaths = (
				"${PODS_PODFILE_DIR_PATH}/Podfile.lock",
				"${PODS_ROOT}/Manifest.lock",
			);
			name = "[CP] Check Pods Manifest.lock";
			outputFileListPaths = (
			);
			outputPaths = (
				"$(DERIVED_FILE_DIR)/Pods-Planner-PlannerUITests-checkManifestLockResult.txt",
			);
			runOnlyForDeploymentPostprocessing = 0;
			shellPath = /bin/sh;
			shellScript = "diff \"${PODS_PODFILE_DIR_PATH}/Podfile.lock\" \"${PODS_ROOT}/Manifest.lock\" > /dev/null\nif [ $? != 0 ] ; then\n    # print error to STDERR\n    echo \"error: The sandbox is not in sync with the Podfile.lock. Run 'pod install' or update your CocoaPods installation.\" >&2\n    exit 1\nfi\n# This output is used by Xcode 'outputs' to avoid re-running this script phase.\necho \"SUCCESS\" > \"${SCRIPT_OUTPUT_FILE_0}\"\n";
			showEnvVarsInLog = 0;
		};
		3DAF64D8AEDACD5E7F80576A /* [CP] Embed Pods Frameworks */ = {
			isa = PBXShellScriptBuildPhase;
			buildActionMask = 2147483647;
			files = (
			);
			inputFileListPaths = (
				"${PODS_ROOT}/Target Support Files/Pods-Planner-PlannerUITests/Pods-Planner-PlannerUITests-frameworks-${CONFIGURATION}-input-files.xcfilelist",
			);
			name = "[CP] Embed Pods Frameworks";
			outputFileListPaths = (
				"${PODS_ROOT}/Target Support Files/Pods-Planner-PlannerUITests/Pods-Planner-PlannerUITests-frameworks-${CONFIGURATION}-output-files.xcfilelist",
			);
			runOnlyForDeploymentPostprocessing = 0;
			shellPath = /bin/sh;
			shellScript = "\"${PODS_ROOT}/Target Support Files/Pods-Planner-PlannerUITests/Pods-Planner-PlannerUITests-frameworks.sh\"\n";
			showEnvVarsInLog = 0;
		};
		4E8645321AE8B0F1640BEC22 /* [CP] Copy Pods Resources */ = {
			isa = PBXShellScriptBuildPhase;
			buildActionMask = 2147483647;
			files = (
			);
			inputFileListPaths = (
				"${PODS_ROOT}/Target Support Files/Pods-Planner/Pods-Planner-resources-${CONFIGURATION}-input-files.xcfilelist",
			);
			name = "[CP] Copy Pods Resources";
			outputFileListPaths = (
				"${PODS_ROOT}/Target Support Files/Pods-Planner/Pods-Planner-resources-${CONFIGURATION}-output-files.xcfilelist",
			);
			runOnlyForDeploymentPostprocessing = 0;
			shellPath = /bin/sh;
			shellScript = "\"${PODS_ROOT}/Target Support Files/Pods-Planner/Pods-Planner-resources.sh\"\n";
			showEnvVarsInLog = 0;
		};
		9DA7B24D0751561C4D6A67E6 /* [CP] Check Pods Manifest.lock */ = {
			isa = PBXShellScriptBuildPhase;
			buildActionMask = 2147483647;
			files = (
			);
			inputFileListPaths = (
			);
			inputPaths = (
				"${PODS_PODFILE_DIR_PATH}/Podfile.lock",
				"${PODS_ROOT}/Manifest.lock",
			);
			name = "[CP] Check Pods Manifest.lock";
			outputFileListPaths = (
			);
			outputPaths = (
				"$(DERIVED_FILE_DIR)/Pods-Planner-checkManifestLockResult.txt",
			);
			runOnlyForDeploymentPostprocessing = 0;
			shellPath = /bin/sh;
			shellScript = "diff \"${PODS_PODFILE_DIR_PATH}/Podfile.lock\" \"${PODS_ROOT}/Manifest.lock\" > /dev/null\nif [ $? != 0 ] ; then\n    # print error to STDERR\n    echo \"error: The sandbox is not in sync with the Podfile.lock. Run 'pod install' or update your CocoaPods installation.\" >&2\n    exit 1\nfi\n# This output is used by Xcode 'outputs' to avoid re-running this script phase.\necho \"SUCCESS\" > \"${SCRIPT_OUTPUT_FILE_0}\"\n";
			showEnvVarsInLog = 0;
		};
		A28598CBBF0393BF8C515A57 /* [CP] Check Pods Manifest.lock */ = {
			isa = PBXShellScriptBuildPhase;
			buildActionMask = 2147483647;
			files = (
			);
			inputFileListPaths = (
			);
			inputPaths = (
				"${PODS_PODFILE_DIR_PATH}/Podfile.lock",
				"${PODS_ROOT}/Manifest.lock",
			);
			name = "[CP] Check Pods Manifest.lock";
			outputFileListPaths = (
			);
			outputPaths = (
				"$(DERIVED_FILE_DIR)/Pods-PlannerTests-checkManifestLockResult.txt",
			);
			runOnlyForDeploymentPostprocessing = 0;
			shellPath = /bin/sh;
			shellScript = "diff \"${PODS_PODFILE_DIR_PATH}/Podfile.lock\" \"${PODS_ROOT}/Manifest.lock\" > /dev/null\nif [ $? != 0 ] ; then\n    # print error to STDERR\n    echo \"error: The sandbox is not in sync with the Podfile.lock. Run 'pod install' or update your CocoaPods installation.\" >&2\n    exit 1\nfi\n# This output is used by Xcode 'outputs' to avoid re-running this script phase.\necho \"SUCCESS\" > \"${SCRIPT_OUTPUT_FILE_0}\"\n";
			showEnvVarsInLog = 0;
		};
		E05D7F93F12D5E04ED280BB5 /* [CP] Copy Pods Resources */ = {
			isa = PBXShellScriptBuildPhase;
			buildActionMask = 2147483647;
			files = (
			);
			inputFileListPaths = (
				"${PODS_ROOT}/Target Support Files/Pods-Planner-PlannerUITests/Pods-Planner-PlannerUITests-resources-${CONFIGURATION}-input-files.xcfilelist",
			);
			name = "[CP] Copy Pods Resources";
			outputFileListPaths = (
				"${PODS_ROOT}/Target Support Files/Pods-Planner-PlannerUITests/Pods-Planner-PlannerUITests-resources-${CONFIGURATION}-output-files.xcfilelist",
			);
			runOnlyForDeploymentPostprocessing = 0;
			shellPath = /bin/sh;
			shellScript = "\"${PODS_ROOT}/Target Support Files/Pods-Planner-PlannerUITests/Pods-Planner-PlannerUITests-resources.sh\"\n";
			showEnvVarsInLog = 0;
		};
/* End PBXShellScriptBuildPhase section */

/* Begin PBXSourcesBuildPhase section */
		624BABF524908E790050EA6F /* Sources */ = {
			isa = PBXSourcesBuildPhase;
			buildActionMask = 2147483647;
			files = (
				623295C024BC740700373465 /* iOSDropDown.swift in Sources */,
				623079B2249EB3C5006BD643 /* SignInViewController.swift in Sources */,
				62A3A52224BB9D6700B375D6 /* ManualEntryViewController.swift in Sources */,
				624BAC0124908E790050EA6F /* ViewController.swift in Sources */,
				624BABFD24908E790050EA6F /* AppDelegate.swift in Sources */,
				62D84CE9249985D50011BD6F /* CalendarTableViewCell.swift in Sources */,
				620ABAF6249726B500730D80 /* AssignmentTableViewCell.swift in Sources */,
				624BABFF24908E790050EA6F /* SceneDelegate.swift in Sources */,
				628E260424CA47F100057071 /* FUIAuthCustomPickerViewController.swift in Sources */,
				6235D9D72494B32400D81324 /* Extensions.swift in Sources */,
			);
			runOnlyForDeploymentPostprocessing = 0;
		};
		624BAC0B24908E7C0050EA6F /* Sources */ = {
			isa = PBXSourcesBuildPhase;
			buildActionMask = 2147483647;
			files = (
				624BAC1424908E7C0050EA6F /* PlannerTests.swift in Sources */,
			);
			runOnlyForDeploymentPostprocessing = 0;
		};
		624BAC1624908E7C0050EA6F /* Sources */ = {
			isa = PBXSourcesBuildPhase;
			buildActionMask = 2147483647;
			files = (
				624BAC1F24908E7C0050EA6F /* PlannerUITests.swift in Sources */,
			);
			runOnlyForDeploymentPostprocessing = 0;
		};
/* End PBXSourcesBuildPhase section */

/* Begin PBXTargetDependency section */
		624BAC1124908E7C0050EA6F /* PBXTargetDependency */ = {
			isa = PBXTargetDependency;
			target = 624BABF824908E790050EA6F /* Planner */;
			targetProxy = 624BAC1024908E7C0050EA6F /* PBXContainerItemProxy */;
		};
		624BAC1C24908E7C0050EA6F /* PBXTargetDependency */ = {
			isa = PBXTargetDependency;
			target = 624BABF824908E790050EA6F /* Planner */;
			targetProxy = 624BAC1B24908E7C0050EA6F /* PBXContainerItemProxy */;
		};
/* End PBXTargetDependency section */

/* Begin PBXVariantGroup section */
		624BAC0224908E790050EA6F /* Main.storyboard */ = {
			isa = PBXVariantGroup;
			children = (
				624BAC0324908E790050EA6F /* Base */,
			);
			name = Main.storyboard;
			sourceTree = "<group>";
		};
		624BAC0724908E7B0050EA6F /* LaunchScreen.storyboard */ = {
			isa = PBXVariantGroup;
			children = (
				624BAC0824908E7C0050EA6F /* Base */,
			);
			name = LaunchScreen.storyboard;
			sourceTree = "<group>";
		};
/* End PBXVariantGroup section */

/* Begin XCBuildConfiguration section */
		624BAC2124908E7C0050EA6F /* Debug */ = {
			isa = XCBuildConfiguration;
			buildSettings = {
				ALWAYS_SEARCH_USER_PATHS = NO;
				CLANG_ANALYZER_NONNULL = YES;
				CLANG_ANALYZER_NUMBER_OBJECT_CONVERSION = YES_AGGRESSIVE;
				CLANG_CXX_LANGUAGE_STANDARD = "gnu++14";
				CLANG_CXX_LIBRARY = "libc++";
				CLANG_ENABLE_MODULES = YES;
				CLANG_ENABLE_OBJC_ARC = YES;
				CLANG_ENABLE_OBJC_WEAK = YES;
				CLANG_WARN_BLOCK_CAPTURE_AUTORELEASING = YES;
				CLANG_WARN_BOOL_CONVERSION = YES;
				CLANG_WARN_COMMA = YES;
				CLANG_WARN_CONSTANT_CONVERSION = YES;
				CLANG_WARN_DEPRECATED_OBJC_IMPLEMENTATIONS = YES;
				CLANG_WARN_DIRECT_OBJC_ISA_USAGE = YES_ERROR;
				CLANG_WARN_DOCUMENTATION_COMMENTS = YES;
				CLANG_WARN_EMPTY_BODY = YES;
				CLANG_WARN_ENUM_CONVERSION = YES;
				CLANG_WARN_INFINITE_RECURSION = YES;
				CLANG_WARN_INT_CONVERSION = YES;
				CLANG_WARN_NON_LITERAL_NULL_CONVERSION = YES;
				CLANG_WARN_OBJC_IMPLICIT_RETAIN_SELF = YES;
				CLANG_WARN_OBJC_LITERAL_CONVERSION = YES;
				CLANG_WARN_OBJC_ROOT_CLASS = YES_ERROR;
				CLANG_WARN_QUOTED_INCLUDE_IN_FRAMEWORK_HEADER = YES;
				CLANG_WARN_RANGE_LOOP_ANALYSIS = YES;
				CLANG_WARN_STRICT_PROTOTYPES = YES;
				CLANG_WARN_SUSPICIOUS_MOVE = YES;
				CLANG_WARN_UNGUARDED_AVAILABILITY = YES_AGGRESSIVE;
				CLANG_WARN_UNREACHABLE_CODE = YES;
				CLANG_WARN__DUPLICATE_METHOD_MATCH = YES;
				COPY_PHASE_STRIP = NO;
				DEBUG_INFORMATION_FORMAT = dwarf;
				ENABLE_STRICT_OBJC_MSGSEND = YES;
				ENABLE_TESTABILITY = YES;
				GCC_C_LANGUAGE_STANDARD = gnu11;
				GCC_DYNAMIC_NO_PIC = NO;
				GCC_NO_COMMON_BLOCKS = YES;
				GCC_OPTIMIZATION_LEVEL = 0;
				GCC_PREPROCESSOR_DEFINITIONS = (
					"DEBUG=1",
					"$(inherited)",
				);
				GCC_WARN_64_TO_32_BIT_CONVERSION = YES;
				GCC_WARN_ABOUT_RETURN_TYPE = YES_ERROR;
				GCC_WARN_UNDECLARED_SELECTOR = YES;
				GCC_WARN_UNINITIALIZED_AUTOS = YES_AGGRESSIVE;
				GCC_WARN_UNUSED_FUNCTION = YES;
				GCC_WARN_UNUSED_VARIABLE = YES;
				IPHONEOS_DEPLOYMENT_TARGET = 12.0;
				MTL_ENABLE_DEBUG_INFO = INCLUDE_SOURCE;
				MTL_FAST_MATH = YES;
				ONLY_ACTIVE_ARCH = YES;
				SDKROOT = iphoneos;
				SWIFT_ACTIVE_COMPILATION_CONDITIONS = DEBUG;
				SWIFT_OPTIMIZATION_LEVEL = "-Onone";
			};
			name = Debug;
		};
		624BAC2224908E7C0050EA6F /* Release */ = {
			isa = XCBuildConfiguration;
			buildSettings = {
				ALWAYS_SEARCH_USER_PATHS = NO;
				CLANG_ANALYZER_NONNULL = YES;
				CLANG_ANALYZER_NUMBER_OBJECT_CONVERSION = YES_AGGRESSIVE;
				CLANG_CXX_LANGUAGE_STANDARD = "gnu++14";
				CLANG_CXX_LIBRARY = "libc++";
				CLANG_ENABLE_MODULES = YES;
				CLANG_ENABLE_OBJC_ARC = YES;
				CLANG_ENABLE_OBJC_WEAK = YES;
				CLANG_WARN_BLOCK_CAPTURE_AUTORELEASING = YES;
				CLANG_WARN_BOOL_CONVERSION = YES;
				CLANG_WARN_COMMA = YES;
				CLANG_WARN_CONSTANT_CONVERSION = YES;
				CLANG_WARN_DEPRECATED_OBJC_IMPLEMENTATIONS = YES;
				CLANG_WARN_DIRECT_OBJC_ISA_USAGE = YES_ERROR;
				CLANG_WARN_DOCUMENTATION_COMMENTS = YES;
				CLANG_WARN_EMPTY_BODY = YES;
				CLANG_WARN_ENUM_CONVERSION = YES;
				CLANG_WARN_INFINITE_RECURSION = YES;
				CLANG_WARN_INT_CONVERSION = YES;
				CLANG_WARN_NON_LITERAL_NULL_CONVERSION = YES;
				CLANG_WARN_OBJC_IMPLICIT_RETAIN_SELF = YES;
				CLANG_WARN_OBJC_LITERAL_CONVERSION = YES;
				CLANG_WARN_OBJC_ROOT_CLASS = YES_ERROR;
				CLANG_WARN_QUOTED_INCLUDE_IN_FRAMEWORK_HEADER = YES;
				CLANG_WARN_RANGE_LOOP_ANALYSIS = YES;
				CLANG_WARN_STRICT_PROTOTYPES = YES;
				CLANG_WARN_SUSPICIOUS_MOVE = YES;
				CLANG_WARN_UNGUARDED_AVAILABILITY = YES_AGGRESSIVE;
				CLANG_WARN_UNREACHABLE_CODE = YES;
				CLANG_WARN__DUPLICATE_METHOD_MATCH = YES;
				COPY_PHASE_STRIP = NO;
				DEBUG_INFORMATION_FORMAT = "dwarf-with-dsym";
				ENABLE_NS_ASSERTIONS = NO;
				ENABLE_STRICT_OBJC_MSGSEND = YES;
				GCC_C_LANGUAGE_STANDARD = gnu11;
				GCC_NO_COMMON_BLOCKS = YES;
				GCC_WARN_64_TO_32_BIT_CONVERSION = YES;
				GCC_WARN_ABOUT_RETURN_TYPE = YES_ERROR;
				GCC_WARN_UNDECLARED_SELECTOR = YES;
				GCC_WARN_UNINITIALIZED_AUTOS = YES_AGGRESSIVE;
				GCC_WARN_UNUSED_FUNCTION = YES;
				GCC_WARN_UNUSED_VARIABLE = YES;
				IPHONEOS_DEPLOYMENT_TARGET = 12.0;
				MTL_ENABLE_DEBUG_INFO = NO;
				MTL_FAST_MATH = YES;
				SDKROOT = iphoneos;
				SWIFT_COMPILATION_MODE = wholemodule;
				SWIFT_OPTIMIZATION_LEVEL = "-O";
				VALIDATE_PRODUCT = YES;
			};
			name = Release;
		};
		624BAC2424908E7C0050EA6F /* Debug */ = {
			isa = XCBuildConfiguration;
			baseConfigurationReference = BB0B754AE293445E03D54F5A /* Pods-Planner.debug.xcconfig */;
			buildSettings = {
				ASSETCATALOG_COMPILER_APPICON_NAME = AppIcon;
				CLANG_ENABLE_MODULES = YES;
				CODE_SIGN_ENTITLEMENTS = Planner/Planner.entitlements;
				CODE_SIGN_IDENTITY = "Apple Development";
				CODE_SIGN_STYLE = Automatic;
				CURRENT_PROJECT_VERSION = 2.06;
				DEVELOPMENT_TEAM = 5JJZ9DST9Z;
				ENABLE_TESTABILITY = YES;
				INFOPLIST_FILE = Planner/Info.plist;
				IPHONEOS_DEPLOYMENT_TARGET = 12.0;
				LD_RUNPATH_SEARCH_PATHS = (
					"$(inherited)",
					"@executable_path/Frameworks",
				);
				PRODUCT_BUNDLE_IDENTIFIER = HarrisonResnick.Planner;
				PRODUCT_NAME = "$(TARGET_NAME)";
				PROVISIONING_PROFILE_SPECIFIER = "";
				SWIFT_OBJC_BRIDGING_HEADER = "Planner-Bridging-Header.h";
				SWIFT_OPTIMIZATION_LEVEL = "-Onone";
				SWIFT_VERSION = 5.0;
				TARGETED_DEVICE_FAMILY = "1,2";
			};
			name = Debug;
		};
		624BAC2524908E7C0050EA6F /* Release */ = {
			isa = XCBuildConfiguration;
			baseConfigurationReference = B7CC4F2584060ECF9180E505 /* Pods-Planner.release.xcconfig */;
			buildSettings = {
				ASSETCATALOG_COMPILER_APPICON_NAME = AppIcon;
				CLANG_ENABLE_MODULES = YES;
				CODE_SIGN_ENTITLEMENTS = Planner/Planner.entitlements;
				CODE_SIGN_IDENTITY = "Apple Development";
				CODE_SIGN_STYLE = Automatic;
				CURRENT_PROJECT_VERSION = 2.06;
				DEVELOPMENT_TEAM = 5JJZ9DST9Z;
				ENABLE_TESTABILITY = YES;
				INFOPLIST_FILE = Planner/Info.plist;
				IPHONEOS_DEPLOYMENT_TARGET = 12.0;
				LD_RUNPATH_SEARCH_PATHS = (
					"$(inherited)",
					"@executable_path/Frameworks",
				);
				PRODUCT_BUNDLE_IDENTIFIER = HarrisonResnick.Planner;
				PRODUCT_NAME = "$(TARGET_NAME)";
				PROVISIONING_PROFILE_SPECIFIER = "";
				SWIFT_COMPILATION_MODE = wholemodule;
				SWIFT_OBJC_BRIDGING_HEADER = "Planner-Bridging-Header.h";
				SWIFT_VERSION = 5.0;
				TARGETED_DEVICE_FAMILY = "1,2";
			};
			name = Release;
		};
		624BAC2724908E7C0050EA6F /* Debug */ = {
			isa = XCBuildConfiguration;
			baseConfigurationReference = E659B549A9BCCBF9E3CC19F1 /* Pods-PlannerTests.debug.xcconfig */;
			buildSettings = {
				ALWAYS_EMBED_SWIFT_STANDARD_LIBRARIES = YES;
				BUNDLE_LOADER = "$(TEST_HOST)";
				CODE_SIGN_STYLE = Automatic;
				DEVELOPMENT_TEAM = 5JJZ9DST9Z;
				INFOPLIST_FILE = PlannerTests/Info.plist;
				IPHONEOS_DEPLOYMENT_TARGET = 13.5;
				LD_RUNPATH_SEARCH_PATHS = (
					"$(inherited)",
					"@executable_path/Frameworks",
					"@loader_path/Frameworks",
				);
				PRODUCT_BUNDLE_IDENTIFIER = HarrisonResnick.PlannerTests;
				PRODUCT_NAME = "$(TARGET_NAME)";
				SWIFT_VERSION = 5.0;
				TARGETED_DEVICE_FAMILY = "1,2";
				TEST_HOST = "$(BUILT_PRODUCTS_DIR)/Planner.app/Planner";
			};
			name = Debug;
		};
		624BAC2824908E7C0050EA6F /* Release */ = {
			isa = XCBuildConfiguration;
			baseConfigurationReference = 632B8D664A9206503C8834DA /* Pods-PlannerTests.release.xcconfig */;
			buildSettings = {
				ALWAYS_EMBED_SWIFT_STANDARD_LIBRARIES = YES;
				BUNDLE_LOADER = "$(TEST_HOST)";
				CODE_SIGN_STYLE = Automatic;
				DEVELOPMENT_TEAM = 5JJZ9DST9Z;
				INFOPLIST_FILE = PlannerTests/Info.plist;
				IPHONEOS_DEPLOYMENT_TARGET = 13.5;
				LD_RUNPATH_SEARCH_PATHS = (
					"$(inherited)",
					"@executable_path/Frameworks",
					"@loader_path/Frameworks",
				);
				PRODUCT_BUNDLE_IDENTIFIER = HarrisonResnick.PlannerTests;
				PRODUCT_NAME = "$(TARGET_NAME)";
				SWIFT_VERSION = 5.0;
				TARGETED_DEVICE_FAMILY = "1,2";
				TEST_HOST = "$(BUILT_PRODUCTS_DIR)/Planner.app/Planner";
			};
			name = Release;
		};
		624BAC2A24908E7C0050EA6F /* Debug */ = {
			isa = XCBuildConfiguration;
			baseConfigurationReference = 55876FC994EED796FCC51024 /* Pods-Planner-PlannerUITests.debug.xcconfig */;
			buildSettings = {
				ALWAYS_EMBED_SWIFT_STANDARD_LIBRARIES = YES;
				CODE_SIGN_STYLE = Automatic;
				DEVELOPMENT_TEAM = 5JJZ9DST9Z;
				INFOPLIST_FILE = PlannerUITests/Info.plist;
				LD_RUNPATH_SEARCH_PATHS = (
					"$(inherited)",
					"@executable_path/Frameworks",
					"@loader_path/Frameworks",
				);
				PRODUCT_BUNDLE_IDENTIFIER = HarrisonResnick.PlannerUITests;
				PRODUCT_NAME = "$(TARGET_NAME)";
				SWIFT_VERSION = 5.0;
				TARGETED_DEVICE_FAMILY = "1,2";
				TEST_TARGET_NAME = Planner;
			};
			name = Debug;
		};
		624BAC2B24908E7C0050EA6F /* Release */ = {
			isa = XCBuildConfiguration;
			baseConfigurationReference = 2950B3B3B06E8EA0B26CE3A9 /* Pods-Planner-PlannerUITests.release.xcconfig */;
			buildSettings = {
				ALWAYS_EMBED_SWIFT_STANDARD_LIBRARIES = YES;
				CODE_SIGN_STYLE = Automatic;
				DEVELOPMENT_TEAM = 5JJZ9DST9Z;
				INFOPLIST_FILE = PlannerUITests/Info.plist;
				LD_RUNPATH_SEARCH_PATHS = (
					"$(inherited)",
					"@executable_path/Frameworks",
					"@loader_path/Frameworks",
				);
				PRODUCT_BUNDLE_IDENTIFIER = HarrisonResnick.PlannerUITests;
				PRODUCT_NAME = "$(TARGET_NAME)";
				SWIFT_VERSION = 5.0;
				TARGETED_DEVICE_FAMILY = "1,2";
				TEST_TARGET_NAME = Planner;
			};
			name = Release;
		};
/* End XCBuildConfiguration section */

/* Begin XCConfigurationList section */
		624BABF424908E790050EA6F /* Build configuration list for PBXProject "Planner" */ = {
			isa = XCConfigurationList;
			buildConfigurations = (
				624BAC2124908E7C0050EA6F /* Debug */,
				624BAC2224908E7C0050EA6F /* Release */,
			);
			defaultConfigurationIsVisible = 0;
			defaultConfigurationName = Release;
		};
		624BAC2324908E7C0050EA6F /* Build configuration list for PBXNativeTarget "Planner" */ = {
			isa = XCConfigurationList;
			buildConfigurations = (
				624BAC2424908E7C0050EA6F /* Debug */,
				624BAC2524908E7C0050EA6F /* Release */,
			);
			defaultConfigurationIsVisible = 0;
			defaultConfigurationName = Release;
		};
		624BAC2624908E7C0050EA6F /* Build configuration list for PBXNativeTarget "PlannerTests" */ = {
			isa = XCConfigurationList;
			buildConfigurations = (
				624BAC2724908E7C0050EA6F /* Debug */,
				624BAC2824908E7C0050EA6F /* Release */,
			);
			defaultConfigurationIsVisible = 0;
			defaultConfigurationName = Release;
		};
		624BAC2924908E7C0050EA6F /* Build configuration list for PBXNativeTarget "PlannerUITests" */ = {
			isa = XCConfigurationList;
			buildConfigurations = (
				624BAC2A24908E7C0050EA6F /* Debug */,
				624BAC2B24908E7C0050EA6F /* Release */,
			);
			defaultConfigurationIsVisible = 0;
			defaultConfigurationName = Release;
		};
/* End XCConfigurationList section */
	};
	rootObject = 624BABF124908E790050EA6F /* Project object */;
}
